
Microsoft Visual Studio Solution File, Format Version 12.00
# Visual Studio Version 17
VisualStudioVersion = 17.2.32630.192
MinimumVisualStudioVersion = 10.0.40219.1
Project("{9A19103F-16F7-4668-BE54-9A1E7A4F7556}") = "FiveWords.Overall", "FiveWords.Overall\FiveWords.Overall.csproj", "{383D68B6-30ED-4D46-9882-A2D8B9819996}"
EndProject
Global
	GlobalSection(SolutionConfigurationPlatforms) = preSolution
		Debug|Any CPU = Debug|Any CPU
		Release|Any CPU = Release|Any CPU
	EndGlobalSection
	GlobalSection(ProjectConfigurationPlatforms) = postSolution
		{383D68B6-30ED-4D46-9882-A2D8B9819996}.Debug|Any CPU.ActiveCfg = Debug|Any CPU
		{383D68B6-30ED-4D46-9882-A2D8B9819996}.Debug|Any CPU.Build.0 = Debug|Any CPU
		{383D68B6-30ED-4D46-9882-A2D8B9819996}.Release|Any CPU.ActiveCfg = Release|Any CPU
		{383D68B6-30ED-4D46-9882-A2D8B9819996}.Release|Any CPU.Build.0 = Release|Any CPU
	EndGlobalSection
	GlobalSection(SolutionProperties) = preSolution
		HideSolutionNode = FALSE
	EndGlobalSection
	GlobalSection(ExtensibilityGlobals) = postSolution
		SolutionGuid = {69EFE42D-9E7F-48E3-A840-C8C45DE6FB55}
	EndGlobalSection
EndGlobal
