
Microsoft Visual Studio Solution File, Format Version 12.00
# Visual Studio Version 17
VisualStudioVersion = 17.2.32630.192
MinimumVisualStudioVersion = 10.0.40219.1
Project("{9A19103F-16F7-4668-BE54-9A1E7A4F7556}") = "FiveWords.Overall", "FiveWords.Overall\FiveWords.Overall.csproj", "{383D68B6-30ED-4D46-9882-A2D8B9819996}"
EndProject
Project("{9A19103F-16F7-4668-BE54-9A1E7A4F7556}") = "FiveWords.Repository.Tests", "FiveWords.Repository.Tests\FiveWords.Repository.Tests.csproj", "{13DC88D6-11D6-43A2-8116-87A30B04DEC5}"
EndProject
Project("{9A19103F-16F7-4668-BE54-9A1E7A4F7556}") = "FiveWords.Repository.EF", "FiveWords.Repository.EF\FiveWords.Repository.EF.csproj", "{59226491-8EE9-45A8-9C28-F8C52F8ABFCB}"
EndProject
Project("{9A19103F-16F7-4668-BE54-9A1E7A4F7556}") = "FiveWords.Repository.Interfaces", "FiveWords.Repository.Interfaces\FiveWords.Repository.Interfaces.csproj", "{3C59BBDC-D90F-48D2-8635-F9FD9FE2AEB6}"
EndProject
Project("{9A19103F-16F7-4668-BE54-9A1E7A4F7556}") = "FiveWords.CommonModels", "FiveWords.CommonModels\FiveWords.CommonModels.csproj", "{48F9A697-25DE-4465-96D4-97BEB84BB9F8}"
EndProject
Project("{9A19103F-16F7-4668-BE54-9A1E7A4F7556}") = "FiveWords.Repository.Csv", "FiveWords.Repository.Csv\FiveWords.Repository.Csv.csproj", "{C58A6955-3A3E-4741-AEC9-4C85A7F6A2AB}"
EndProject
Project("{FAE04EC0-301F-11D3-BF4B-00C04F79EFBC}") = "FiveWords.ChallengeResultsSaverService", "FiveWords.ChallengeResultsSaverService\FiveWords.ChallengeResultsSaverService.csproj", "{00533F21-C489-4A24-A87D-A56A5FA11CAE}"
EndProject
Global
	GlobalSection(SolutionConfigurationPlatforms) = preSolution
		Debug|Any CPU = Debug|Any CPU
		Release|Any CPU = Release|Any CPU
	EndGlobalSection
	GlobalSection(ProjectConfigurationPlatforms) = postSolution
		{383D68B6-30ED-4D46-9882-A2D8B9819996}.Debug|Any CPU.ActiveCfg = Debug|Any CPU
		{383D68B6-30ED-4D46-9882-A2D8B9819996}.Debug|Any CPU.Build.0 = Debug|Any CPU
		{383D68B6-30ED-4D46-9882-A2D8B9819996}.Release|Any CPU.ActiveCfg = Release|Any CPU
		{383D68B6-30ED-4D46-9882-A2D8B9819996}.Release|Any CPU.Build.0 = Release|Any CPU
		{13DC88D6-11D6-43A2-8116-87A30B04DEC5}.Debug|Any CPU.ActiveCfg = Debug|Any CPU
		{13DC88D6-11D6-43A2-8116-87A30B04DEC5}.Debug|Any CPU.Build.0 = Debug|Any CPU
		{13DC88D6-11D6-43A2-8116-87A30B04DEC5}.Release|Any CPU.ActiveCfg = Release|Any CPU
		{13DC88D6-11D6-43A2-8116-87A30B04DEC5}.Release|Any CPU.Build.0 = Release|Any CPU
		{59226491-8EE9-45A8-9C28-F8C52F8ABFCB}.Debug|Any CPU.ActiveCfg = Debug|Any CPU
		{59226491-8EE9-45A8-9C28-F8C52F8ABFCB}.Debug|Any CPU.Build.0 = Debug|Any CPU
		{59226491-8EE9-45A8-9C28-F8C52F8ABFCB}.Release|Any CPU.ActiveCfg = Release|Any CPU
		{59226491-8EE9-45A8-9C28-F8C52F8ABFCB}.Release|Any CPU.Build.0 = Release|Any CPU
		{3C59BBDC-D90F-48D2-8635-F9FD9FE2AEB6}.Debug|Any CPU.ActiveCfg = Debug|Any CPU
		{3C59BBDC-D90F-48D2-8635-F9FD9FE2AEB6}.Debug|Any CPU.Build.0 = Debug|Any CPU
		{3C59BBDC-D90F-48D2-8635-F9FD9FE2AEB6}.Release|Any CPU.ActiveCfg = Release|Any CPU
		{3C59BBDC-D90F-48D2-8635-F9FD9FE2AEB6}.Release|Any CPU.Build.0 = Release|Any CPU
		{48F9A697-25DE-4465-96D4-97BEB84BB9F8}.Debug|Any CPU.ActiveCfg = Debug|Any CPU
		{48F9A697-25DE-4465-96D4-97BEB84BB9F8}.Debug|Any CPU.Build.0 = Debug|Any CPU
		{48F9A697-25DE-4465-96D4-97BEB84BB9F8}.Release|Any CPU.ActiveCfg = Release|Any CPU
		{48F9A697-25DE-4465-96D4-97BEB84BB9F8}.Release|Any CPU.Build.0 = Release|Any CPU
		{C58A6955-3A3E-4741-AEC9-4C85A7F6A2AB}.Debug|Any CPU.ActiveCfg = Debug|Any CPU
		{C58A6955-3A3E-4741-AEC9-4C85A7F6A2AB}.Debug|Any CPU.Build.0 = Debug|Any CPU
		{C58A6955-3A3E-4741-AEC9-4C85A7F6A2AB}.Release|Any CPU.ActiveCfg = Release|Any CPU
		{C58A6955-3A3E-4741-AEC9-4C85A7F6A2AB}.Release|Any CPU.Build.0 = Release|Any CPU
		{00533F21-C489-4A24-A87D-A56A5FA11CAE}.Debug|Any CPU.ActiveCfg = Debug|Any CPU
		{00533F21-C489-4A24-A87D-A56A5FA11CAE}.Debug|Any CPU.Build.0 = Debug|Any CPU
		{00533F21-C489-4A24-A87D-A56A5FA11CAE}.Release|Any CPU.ActiveCfg = Release|Any CPU
		{00533F21-C489-4A24-A87D-A56A5FA11CAE}.Release|Any CPU.Build.0 = Release|Any CPU
	EndGlobalSection
	GlobalSection(SolutionProperties) = preSolution
		HideSolutionNode = FALSE
	EndGlobalSection
	GlobalSection(ExtensibilityGlobals) = postSolution
		SolutionGuid = {69EFE42D-9E7F-48E3-A840-C8C45DE6FB55}
	EndGlobalSection
EndGlobal
